
Microsoft Visual Studio Solution File, Format Version 12.00
# Visual Studio Version 17
VisualStudioVersion = 17.3.32819.101
MinimumVisualStudioVersion = 10.0.40219.1
Project("{FAE04EC0-301F-11D3-BF4B-00C04F79EFBC}") = "SCD_CRUD", "SCD_CRUD\SCD_CRUD.csproj", "{D44AB9D0-6F34-4005-A3F0-FB31B2501577}"
EndProject
Global
	GlobalSection(SolutionConfigurationPlatforms) = preSolution
		Debug|Any CPU = Debug|Any CPU
		Release|Any CPU = Release|Any CPU
	EndGlobalSection
	GlobalSection(ProjectConfigurationPlatforms) = postSolution
		{D44AB9D0-6F34-4005-A3F0-FB31B2501577}.Debug|Any CPU.ActiveCfg = Debug|Any CPU
		{D44AB9D0-6F34-4005-A3F0-FB31B2501577}.Debug|Any CPU.Build.0 = Debug|Any CPU
		{D44AB9D0-6F34-4005-A3F0-FB31B2501577}.Release|Any CPU.ActiveCfg = Release|Any CPU
		{D44AB9D0-6F34-4005-A3F0-FB31B2501577}.Release|Any CPU.Build.0 = Release|Any CPU
	EndGlobalSection
	GlobalSection(SolutionProperties) = preSolution
		HideSolutionNode = FALSE
	EndGlobalSection
	GlobalSection(ExtensibilityGlobals) = postSolution
		SolutionGuid = {D6B64844-F6EE-4F1F-9732-EC3370AD0FCE}
	EndGlobalSection
EndGlobal
